// !$*UTF8*$!
{
	archiveVersion = 1;
	classes = {
	};
	objectVersion = 56;
	objects = {

/* Begin PBXBuildFile section */
		3F2598961280252142B07449 /* Pods_helloword.framework in Frameworks */ = {isa = PBXBuildFile; fileRef = D576D8FDD9276846E4D11662 /* Pods_helloword.framework */; };
		590200012DC72936001C50BB /* SecondStoryboard.storyboard in Resources */ = {isa = PBXBuildFile; fileRef = 590200002DC72936001C50BB /* SecondStoryboard.storyboard */; };
		5902FFDE2DC5F4EE001C50BB /* SceneDelegate.m in Sources */ = {isa = PBXBuildFile; fileRef = 59EAFCE22DC5E37D007BE4D1 /* SceneDelegate.m */; };
		5902FFDF2DC5F4F4001C50BB /* RootViewController.m in Sources */ = {isa = PBXBuildFile; fileRef = 59EAFCE42DC5E37D007BE4D1 /* RootViewController.m */; };
		5902FFE02DC5F4F9001C50BB /* main.m in Sources */ = {isa = PBXBuildFile; fileRef = 59EAFCDE2DC5E37D007BE4D1 /* main.m */; };
		5902FFE12DC5F4FD001C50BB /* AppDelegate.m in Sources */ = {isa = PBXBuildFile; fileRef = 59EAFCD82DC5E37D007BE4D1 /* AppDelegate.m */; };
		5902FFFC2DC7224B001C50BB /* RootViewController.storyboard in Resources */ = {isa = PBXBuildFile; fileRef = 5902FFFB2DC7224B001C50BB /* RootViewController.storyboard */; };
		5902FFFF2DC72914001C50BB /* SecondViewController.m in Sources */ = {isa = PBXBuildFile; fileRef = 5902FFFE2DC72914001C50BB /* SecondViewController.m */; };
		59EAFCE72DC5E37D007BE4D1 /* Assets.xcassets in Resources */ = {isa = PBXBuildFile; fileRef = 59EAFCD92DC5E37D007BE4D1 /* Assets.xcassets */; };
		59EAFCE92DC5E37D007BE4D1 /* LaunchScreen.storyboard in Resources */ = {isa = PBXBuildFile; fileRef = 59EAFCDD2DC5E37D007BE4D1 /* LaunchScreen.storyboard */; };
		59EAFCEB2DC5E37D007BE4D1 /* Main.storyboard in Resources */ = {isa = PBXBuildFile; fileRef = 59EAFCE02DC5E37D007BE4D1 /* Main.storyboard */; };
/* End PBXBuildFile section */

/* Begin PBXFileReference section */
		113BB0C3DE5AF86D833D131A /* Pods-helloword.debug.xcconfig */ = {isa = PBXFileReference; includeInIndex = 1; lastKnownFileType = text.xcconfig; name = "Pods-helloword.debug.xcconfig"; path = "Target Support Files/Pods-helloword/Pods-helloword.debug.xcconfig"; sourceTree = "<group>"; };
		590200002DC72936001C50BB /* SecondStoryboard.storyboard */ = {isa = PBXFileReference; lastKnownFileType = file.storyboard; path = SecondStoryboard.storyboard; sourceTree = "<group>"; };
		5902FFFB2DC7224B001C50BB /* RootViewController.storyboard */ = {isa = PBXFileReference; lastKnownFileType = file.storyboard; path = RootViewController.storyboard; sourceTree = "<group>"; };
		5902FFFD2DC72914001C50BB /* SecondViewController.h */ = {isa = PBXFileReference; lastKnownFileType = sourcecode.c.h; path = SecondViewController.h; sourceTree = "<group>"; };
		5902FFFE2DC72914001C50BB /* SecondViewController.m */ = {isa = PBXFileReference; lastKnownFileType = sourcecode.c.objc; path = SecondViewController.m; sourceTree = "<group>"; };
		59BA0C3C2D90279700872A01 /* helloworld.app */ = {isa = PBXFileReference; explicitFileType = wrapper.application; includeInIndex = 0; path = helloworld.app; sourceTree = BUILT_PRODUCTS_DIR; };
		59EAFCD72DC5E37D007BE4D1 /* AppDelegate.h */ = {isa = PBXFileReference; fileEncoding = 4; lastKnownFileType = sourcecode.c.h; path = AppDelegate.h; sourceTree = "<group>"; };
		59EAFCD82DC5E37D007BE4D1 /* AppDelegate.m */ = {isa = PBXFileReference; fileEncoding = 4; lastKnownFileType = sourcecode.c.objc; path = AppDelegate.m; sourceTree = "<group>"; };
		59EAFCD92DC5E37D007BE4D1 /* Assets.xcassets */ = {isa = PBXFileReference; lastKnownFileType = folder.assetcatalog; path = Assets.xcassets; sourceTree = "<group>"; };
		59EAFCDA2DC5E37D007BE4D1 /* helloworld.pch */ = {isa = PBXFileReference; fileEncoding = 4; lastKnownFileType = sourcecode.c.h; path = helloworld.pch; sourceTree = "<group>"; };
		59EAFCDB2DC5E37D007BE4D1 /* Info.plist */ = {isa = PBXFileReference; fileEncoding = 4; lastKnownFileType = text.plist.xml; path = Info.plist; sourceTree = "<group>"; };
		59EAFCDC2DC5E37D007BE4D1 /* Base */ = {isa = PBXFileReference; lastKnownFileType = file.storyboard; name = Base; path = Base.lproj/LaunchScreen.storyboard; sourceTree = "<group>"; };
		59EAFCDE2DC5E37D007BE4D1 /* main.m */ = {isa = PBXFileReference; fileEncoding = 4; lastKnownFileType = sourcecode.c.objc; path = main.m; sourceTree = "<group>"; };
		59EAFCDF2DC5E37D007BE4D1 /* Base */ = {isa = PBXFileReference; lastKnownFileType = file.storyboard; name = Base; path = Base.lproj/Main.storyboard; sourceTree = "<group>"; };
		59EAFCE12DC5E37D007BE4D1 /* SceneDelegate.h */ = {isa = PBXFileReference; fileEncoding = 4; lastKnownFileType = sourcecode.c.h; path = SceneDelegate.h; sourceTree = "<group>"; };
		59EAFCE22DC5E37D007BE4D1 /* SceneDelegate.m */ = {isa = PBXFileReference; fileEncoding = 4; lastKnownFileType = sourcecode.c.objc; path = SceneDelegate.m; sourceTree = "<group>"; };
		59EAFCE32DC5E37D007BE4D1 /* RootViewController.h */ = {isa = PBXFileReference; fileEncoding = 4; lastKnownFileType = sourcecode.c.h; path = RootViewController.h; sourceTree = "<group>"; };
		59EAFCE42DC5E37D007BE4D1 /* RootViewController.m */ = {isa = PBXFileReference; fileEncoding = 4; lastKnownFileType = sourcecode.c.objc; path = RootViewController.m; sourceTree = "<group>"; };
		997A1205EEC58502052DB0F3 /* Pods-helloword.release.xcconfig */ = {isa = PBXFileReference; includeInIndex = 1; lastKnownFileType = text.xcconfig; name = "Pods-helloword.release.xcconfig"; path = "Target Support Files/Pods-helloword/Pods-helloword.release.xcconfig"; sourceTree = "<group>"; };
		D576D8FDD9276846E4D11662 /* Pods_helloword.framework */ = {isa = PBXFileReference; explicitFileType = wrapper.framework; includeInIndex = 0; path = Pods_helloword.framework; sourceTree = BUILT_PRODUCTS_DIR; };
/* End PBXFileReference section */

/* Begin PBXFrameworksBuildPhase section */
		59BA0C392D90279700872A01 /* Frameworks */ = {
			isa = PBXFrameworksBuildPhase;
			buildActionMask = 2147483647;
			files = (
				3F2598961280252142B07449 /* Pods_helloword.framework in Frameworks */,
			);
			runOnlyForDeploymentPostprocessing = 0;
		};
/* End PBXFrameworksBuildPhase section */

/* Begin PBXGroup section */
		59BA0C332D90279700872A01 = {
			isa = PBXGroup;
			children = (
				59EAFCE52DC5E37D007BE4D1 /* helloworld */,
				59BA0C3D2D90279700872A01 /* Products */,
				8C4BCD63D0F5834767006F66 /* Pods */,
				8D925F588EDF91FF4D5C7629 /* Frameworks */,
			);
			sourceTree = "<group>";
		};
		59BA0C3D2D90279700872A01 /* Products */ = {
			isa = PBXGroup;
			children = (
				59BA0C3C2D90279700872A01 /* helloworld.app */,
			);
			name = Products;
			sourceTree = "<group>";
		};
		59EAFCE52DC5E37D007BE4D1 /* helloworld */ = {
			isa = PBXGroup;
			children = (
				59EAFCD72DC5E37D007BE4D1 /* AppDelegate.h */,
				59EAFCD82DC5E37D007BE4D1 /* AppDelegate.m */,
				59EAFCD92DC5E37D007BE4D1 /* Assets.xcassets */,
				59EAFCDA2DC5E37D007BE4D1 /* helloworld.pch */,
				59EAFCDD2DC5E37D007BE4D1 /* LaunchScreen.storyboard */,
				59EAFCDE2DC5E37D007BE4D1 /* main.m */,
				59EAFCE02DC5E37D007BE4D1 /* Main.storyboard */,
				59EAFCDB2DC5E37D007BE4D1 /* Info.plist */,
				59EAFCE12DC5E37D007BE4D1 /* SceneDelegate.h */,
				59EAFCE22DC5E37D007BE4D1 /* SceneDelegate.m */,
				59EAFCE32DC5E37D007BE4D1 /* RootViewController.h */,
				59EAFCE42DC5E37D007BE4D1 /* RootViewController.m */,
				5902FFFB2DC7224B001C50BB /* RootViewController.storyboard */,
				5902FFFD2DC72914001C50BB /* SecondViewController.h */,
				5902FFFE2DC72914001C50BB /* SecondViewController.m */,
				590200002DC72936001C50BB /* SecondStoryboard.storyboard */,
			);
			path = helloworld;
			sourceTree = "<group>";
		};
		8C4BCD63D0F5834767006F66 /* Pods */ = {
			isa = PBXGroup;
			children = (
				113BB0C3DE5AF86D833D131A /* Pods-helloword.debug.xcconfig */,
				997A1205EEC58502052DB0F3 /* Pods-helloword.release.xcconfig */,
			);
			path = Pods;
			sourceTree = "<group>";
		};
		8D925F588EDF91FF4D5C7629 /* Frameworks */ = {
			isa = PBXGroup;
			children = (
				D576D8FDD9276846E4D11662 /* Pods_helloword.framework */,
			);
			name = Frameworks;
			sourceTree = "<group>";
		};
/* End PBXGroup section */

/* Begin PBXNativeTarget section */
		59BA0C3B2D90279700872A01 /* helloworld */ = {
			isa = PBXNativeTarget;
			buildConfigurationList = 59BA0C552D90279900872A01 /* Build configuration list for PBXNativeTarget "helloworld" */;
			buildPhases = (
				460A546E2BE58EC7B9D9E905 /* [CP] Check Pods Manifest.lock */,
				59BA0C382D90279700872A01 /* Sources */,
				59BA0C392D90279700872A01 /* Frameworks */,
				59BA0C3A2D90279700872A01 /* Resources */,
				43ABFB74B9BF0979D4516B6D /* [CP] Embed Pods Frameworks */,
			);
			buildRules = (
			);
			dependencies = (
			);
			name = helloworld;
			productName = helloword;
			productReference = 59BA0C3C2D90279700872A01 /* helloworld.app */;
			productType = "com.apple.product-type.application";
		};
/* End PBXNativeTarget section */

/* Begin PBXProject section */
		59BA0C342D90279700872A01 /* Project object */ = {
			isa = PBXProject;
			attributes = {
				BuildIndependentTargetsInParallel = 1;
				LastUpgradeCheck = 1540;
				TargetAttributes = {
					59BA0C3B2D90279700872A01 = {
						CreatedOnToolsVersion = 15.4;
					};
				};
			};
			buildConfigurationList = 59BA0C372D90279700872A01 /* Build configuration list for PBXProject "helloworld" */;
			compatibilityVersion = "Xcode 14.0";
			developmentRegion = en;
			hasScannedForEncodings = 0;
			knownRegions = (
				en,
				Base,
			);
			mainGroup = 59BA0C332D90279700872A01;
			productRefGroup = 59BA0C3D2D90279700872A01 /* Products */;
			projectDirPath = "";
			projectRoot = "";
			targets = (
				59BA0C3B2D90279700872A01 /* helloworld */,
			);
		};
/* End PBXProject section */

/* Begin PBXResourcesBuildPhase section */
		59BA0C3A2D90279700872A01 /* Resources */ = {
			isa = PBXResourcesBuildPhase;
			buildActionMask = 2147483647;
			files = (
				59EAFCE92DC5E37D007BE4D1 /* LaunchScreen.storyboard in Resources */,
				59EAFCE72DC5E37D007BE4D1 /* Assets.xcassets in Resources */,
				590200012DC72936001C50BB /* SecondStoryboard.storyboard in Resources */,
				59EAFCEB2DC5E37D007BE4D1 /* Main.storyboard in Resources */,
				5902FFFC2DC7224B001C50BB /* RootViewController.storyboard in Resources */,
			);
			runOnlyForDeploymentPostprocessing = 0;
		};
/* End PBXResourcesBuildPhase section */

/* Begin PBXShellScriptBuildPhase section */
		43ABFB74B9BF0979D4516B6D /* [CP] Embed Pods Frameworks */ = {
			isa = PBXShellScriptBuildPhase;
			buildActionMask = 2147483647;
			files = (
			);
			inputFileListPaths = (
				"${PODS_ROOT}/Target Support Files/Pods-helloword/Pods-helloword-frameworks-${CONFIGURATION}-input-files.xcfilelist",
			);
			name = "[CP] Embed Pods Frameworks";
			outputFileListPaths = (
				"${PODS_ROOT}/Target Support Files/Pods-helloword/Pods-helloword-frameworks-${CONFIGURATION}-output-files.xcfilelist",
			);
			runOnlyForDeploymentPostprocessing = 0;
			shellPath = /bin/sh;
			shellScript = "\"${PODS_ROOT}/Target Support Files/Pods-helloword/Pods-helloword-frameworks.sh\"\n";
			showEnvVarsInLog = 0;
		};
		460A546E2BE58EC7B9D9E905 /* [CP] Check Pods Manifest.lock */ = {
			isa = PBXShellScriptBuildPhase;
			buildActionMask = 2147483647;
			files = (
			);
			inputFileListPaths = (
			);
			inputPaths = (
				"${PODS_PODFILE_DIR_PATH}/Podfile.lock",
				"${PODS_ROOT}/Manifest.lock",
			);
			name = "[CP] Check Pods Manifest.lock";
			outputFileListPaths = (
			);
			outputPaths = (
				"$(DERIVED_FILE_DIR)/Pods-helloword-checkManifestLockResult.txt",
			);
			runOnlyForDeploymentPostprocessing = 0;
			shellPath = /bin/sh;
			shellScript = "diff \"${PODS_PODFILE_DIR_PATH}/Podfile.lock\" \"${PODS_ROOT}/Manifest.lock\" > /dev/null\nif [ $? != 0 ] ; then\n    # print error to STDERR\n    echo \"error: The sandbox is not in sync with the Podfile.lock. Run 'pod install' or update your CocoaPods installation.\" >&2\n    exit 1\nfi\n# This output is used by Xcode 'outputs' to avoid re-running this script phase.\necho \"SUCCESS\" > \"${SCRIPT_OUTPUT_FILE_0}\"\n";
			showEnvVarsInLog = 0;
		};
/* End PBXShellScriptBuildPhase section */

/* Begin PBXSourcesBuildPhase section */
		59BA0C382D90279700872A01 /* Sources */ = {
			isa = PBXSourcesBuildPhase;
			buildActionMask = 2147483647;
			files = (
				5902FFFF2DC72914001C50BB /* SecondViewController.m in Sources */,
				5902FFE12DC5F4FD001C50BB /* AppDelegate.m in Sources */,
				5902FFE02DC5F4F9001C50BB /* main.m in Sources */,
				5902FFDF2DC5F4F4001C50BB /* RootViewController.m in Sources */,
				5902FFDE2DC5F4EE001C50BB /* SceneDelegate.m in Sources */,
			);
			runOnlyForDeploymentPostprocessing = 0;
		};
/* End PBXSourcesBuildPhase section */

/* Begin PBXVariantGroup section */
		59EAFCDD2DC5E37D007BE4D1 /* LaunchScreen.storyboard */ = {
			isa = PBXVariantGroup;
			children = (
				59EAFCDC2DC5E37D007BE4D1 /* Base */,
			);
			name = LaunchScreen.storyboard;
			sourceTree = "<group>";
		};
		59EAFCE02DC5E37D007BE4D1 /* Main.storyboard */ = {
			isa = PBXVariantGroup;
			children = (
				59EAFCDF2DC5E37D007BE4D1 /* Base */,
			);
			name = Main.storyboard;
			sourceTree = "<group>";
		};
/* End PBXVariantGroup section */

/* Begin XCBuildConfiguration section */
		59BA0C532D90279900872A01 /* Debug */ = {
			isa = XCBuildConfiguration;
			buildSettings = {
				ALWAYS_SEARCH_USER_PATHS = NO;
				ASSETCATALOG_COMPILER_GENERATE_SWIFT_ASSET_SYMBOL_EXTENSIONS = YES;
				CLANG_ANALYZER_NONNULL = YES;
				CLANG_ANALYZER_NUMBER_OBJECT_CONVERSION = YES_AGGRESSIVE;
				CLANG_CXX_LANGUAGE_STANDARD = "gnu++20";
				CLANG_ENABLE_MODULES = YES;
				CLANG_ENABLE_OBJC_ARC = YES;
				CLANG_ENABLE_OBJC_WEAK = YES;
				CLANG_WARN_BLOCK_CAPTURE_AUTORELEASING = YES;
				CLANG_WARN_BOOL_CONVERSION = YES;
				CLANG_WARN_COMMA = YES;
				CLANG_WARN_CONSTANT_CONVERSION = YES;
				CLANG_WARN_DEPRECATED_OBJC_IMPLEMENTATIONS = YES;
				CLANG_WARN_DIRECT_OBJC_ISA_USAGE = YES_ERROR;
				CLANG_WARN_DOCUMENTATION_COMMENTS = YES;
				CLANG_WARN_EMPTY_BODY = YES;
				CLANG_WARN_ENUM_CONVERSION = YES;
				CLANG_WARN_INFINITE_RECURSION = YES;
				CLANG_WARN_INT_CONVERSION = YES;
				CLANG_WARN_NON_LITERAL_NULL_CONVERSION = YES;
				CLANG_WARN_OBJC_IMPLICIT_RETAIN_SELF = YES;
				CLANG_WARN_OBJC_LITERAL_CONVERSION = YES;
				CLANG_WARN_OBJC_ROOT_CLASS = YES_ERROR;
				CLANG_WARN_QUOTED_INCLUDE_IN_FRAMEWORK_HEADER = YES;
				CLANG_WARN_RANGE_LOOP_ANALYSIS = YES;
				CLANG_WARN_STRICT_PROTOTYPES = YES;
				CLANG_WARN_SUSPICIOUS_MOVE = YES;
				CLANG_WARN_UNGUARDED_AVAILABILITY = YES_AGGRESSIVE;
				CLANG_WARN_UNREACHABLE_CODE = YES;
				CLANG_WARN__DUPLICATE_METHOD_MATCH = YES;
				COPY_PHASE_STRIP = NO;
				DEBUG_INFORMATION_FORMAT = dwarf;
				ENABLE_STRICT_OBJC_MSGSEND = YES;
				ENABLE_TESTABILITY = YES;
				ENABLE_USER_SCRIPT_SANDBOXING = YES;
				GCC_C_LANGUAGE_STANDARD = gnu17;
				GCC_DYNAMIC_NO_PIC = NO;
				GCC_NO_COMMON_BLOCKS = YES;
				GCC_OPTIMIZATION_LEVEL = 0;
				GCC_PREPROCESSOR_DEFINITIONS = (
					"DEBUG=1",
					"$(inherited)",
				);
				GCC_WARN_64_TO_32_BIT_CONVERSION = YES;
				GCC_WARN_ABOUT_RETURN_TYPE = YES_ERROR;
				GCC_WARN_UNDECLARED_SELECTOR = YES;
				GCC_WARN_UNINITIALIZED_AUTOS = YES_AGGRESSIVE;
				GCC_WARN_UNUSED_FUNCTION = YES;
				GCC_WARN_UNUSED_VARIABLE = YES;
				IPHONEOS_DEPLOYMENT_TARGET = 17.5;
				LOCALIZATION_PREFERS_STRING_CATALOGS = YES;
				MTL_ENABLE_DEBUG_INFO = INCLUDE_SOURCE;
				MTL_FAST_MATH = YES;
				ONLY_ACTIVE_ARCH = YES;
				SDKROOT = iphoneos;
			};
			name = Debug;
		};
		59BA0C542D90279900872A01 /* Release */ = {
			isa = XCBuildConfiguration;
			buildSettings = {
				ALWAYS_SEARCH_USER_PATHS = NO;
				ASSETCATALOG_COMPILER_GENERATE_SWIFT_ASSET_SYMBOL_EXTENSIONS = YES;
				CLANG_ANALYZER_NONNULL = YES;
				CLANG_ANALYZER_NUMBER_OBJECT_CONVERSION = YES_AGGRESSIVE;
				CLANG_CXX_LANGUAGE_STANDARD = "gnu++20";
				CLANG_ENABLE_MODULES = YES;
				CLANG_ENABLE_OBJC_ARC = YES;
				CLANG_ENABLE_OBJC_WEAK = YES;
				CLANG_WARN_BLOCK_CAPTURE_AUTORELEASING = YES;
				CLANG_WARN_BOOL_CONVERSION = YES;
				CLANG_WARN_COMMA = YES;
				CLANG_WARN_CONSTANT_CONVERSION = YES;
				CLANG_WARN_DEPRECATED_OBJC_IMPLEMENTATIONS = YES;
				CLANG_WARN_DIRECT_OBJC_ISA_USAGE = YES_ERROR;
				CLANG_WARN_DOCUMENTATION_COMMENTS = YES;
				CLANG_WARN_EMPTY_BODY = YES;
				CLANG_WARN_ENUM_CONVERSION = YES;
				CLANG_WARN_INFINITE_RECURSION = YES;
				CLANG_WARN_INT_CONVERSION = YES;
				CLANG_WARN_NON_LITERAL_NULL_CONVERSION = YES;
				CLANG_WARN_OBJC_IMPLICIT_RETAIN_SELF = YES;
				CLANG_WARN_OBJC_LITERAL_CONVERSION = YES;
				CLANG_WARN_OBJC_ROOT_CLASS = YES_ERROR;
				CLANG_WARN_QUOTED_INCLUDE_IN_FRAMEWORK_HEADER = YES;
				CLANG_WARN_RANGE_LOOP_ANALYSIS = YES;
				CLANG_WARN_STRICT_PROTOTYPES = YES;
				CLANG_WARN_SUSPICIOUS_MOVE = YES;
				CLANG_WARN_UNGUARDED_AVAILABILITY = YES_AGGRESSIVE;
				CLANG_WARN_UNREACHABLE_CODE = YES;
				CLANG_WARN__DUPLICATE_METHOD_MATCH = YES;
				COPY_PHASE_STRIP = NO;
				DEBUG_INFORMATION_FORMAT = "dwarf-with-dsym";
				ENABLE_NS_ASSERTIONS = NO;
				ENABLE_STRICT_OBJC_MSGSEND = YES;
				ENABLE_USER_SCRIPT_SANDBOXING = YES;
				GCC_C_LANGUAGE_STANDARD = gnu17;
				GCC_NO_COMMON_BLOCKS = YES;
				GCC_WARN_64_TO_32_BIT_CONVERSION = YES;
				GCC_WARN_ABOUT_RETURN_TYPE = YES_ERROR;
				GCC_WARN_UNDECLARED_SELECTOR = YES;
				GCC_WARN_UNINITIALIZED_AUTOS = YES_AGGRESSIVE;
				GCC_WARN_UNUSED_FUNCTION = YES;
				GCC_WARN_UNUSED_VARIABLE = YES;
				IPHONEOS_DEPLOYMENT_TARGET = 17.5;
				LOCALIZATION_PREFERS_STRING_CATALOGS = YES;
				MTL_ENABLE_DEBUG_INFO = NO;
				MTL_FAST_MATH = YES;
				SDKROOT = iphoneos;
				VALIDATE_PRODUCT = YES;
			};
			name = Release;
		};
		59BA0C562D90279900872A01 /* Debug */ = {
			isa = XCBuildConfiguration;
			baseConfigurationReference = 113BB0C3DE5AF86D833D131A /* Pods-helloword.debug.xcconfig */;
			buildSettings = {
				ASSETCATALOG_COMPILER_APPICON_NAME = AppIcon;
				ASSETCATALOG_COMPILER_GLOBAL_ACCENT_COLOR_NAME = AccentColor;
				ASSETCATALOG_COMPILER_INCLUDE_ALL_APPICON_ASSETS = NO;
				CODE_SIGN_IDENTITY = "Apple Development";
				CODE_SIGN_STYLE = Automatic;
				CURRENT_PROJECT_VERSION = 1;
				DEVELOPMENT_TEAM = "";
				ENABLE_USER_SCRIPT_SANDBOXING = NO;
				GCC_PRECOMPILE_PREFIX_HEADER = YES;
				GCC_PREFIX_HEADER = helloworld/helloworld.pch;
				GENERATE_INFOPLIST_FILE = YES;
				INFOPLIST_FILE = helloworld/Info.plist;
				INFOPLIST_KEY_CFBundleDisplayName = "测试";
				INFOPLIST_KEY_UIApplicationSupportsIndirectInputEvents = YES;
				INFOPLIST_KEY_UILaunchStoryboardName = LaunchScreen;
				INFOPLIST_KEY_UIMainStoryboardFile = Main;
				INFOPLIST_KEY_UISupportedInterfaceOrientations_iPad = "UIInterfaceOrientationPortrait UIInterfaceOrientationPortraitUpsideDown UIInterfaceOrientationLandscapeLeft UIInterfaceOrientationLandscapeRight";
				INFOPLIST_KEY_UISupportedInterfaceOrientations_iPhone = "UIInterfaceOrientationPortrait UIInterfaceOrientationLandscapeLeft UIInterfaceOrientationLandscapeRight";
				LD_RUNPATH_SEARCH_PATHS = (
					"$(inherited)",
					"@executable_path/Frameworks",
				);
				MARKETING_VERSION = 1.0;
				PRODUCT_BUNDLE_IDENTIFIER = com.licaimofang.www.helloworld;
				PRODUCT_NAME = helloworld;
				PROVISIONING_PROFILE_SPECIFIER = "";
				SWIFT_EMIT_LOC_STRINGS = YES;
				TARGETED_DEVICE_FAMILY = "1,2";
			};
			name = Debug;
		};
		59BA0C572D90279900872A01 /* Release */ = {
			isa = XCBuildConfiguration;
			baseConfigurationReference = 997A1205EEC58502052DB0F3 /* Pods-helloword.release.xcconfig */;
			buildSettings = {
				ASSETCATALOG_COMPILER_APPICON_NAME = AppIcon;
				ASSETCATALOG_COMPILER_GLOBAL_ACCENT_COLOR_NAME = AccentColor;
				ASSETCATALOG_COMPILER_INCLUDE_ALL_APPICON_ASSETS = NO;
				CODE_SIGN_IDENTITY = "Apple Development";
				CODE_SIGN_STYLE = Automatic;
				CURRENT_PROJECT_VERSION = 1;
				DEVELOPMENT_TEAM = "";
				ENABLE_USER_SCRIPT_SANDBOXING = NO;
				GCC_PRECOMPILE_PREFIX_HEADER = YES;
				GCC_PREFIX_HEADER = helloworld/helloworld.pch;
				GENERATE_INFOPLIST_FILE = YES;
				INFOPLIST_FILE = helloworld/Info.plist;
				INFOPLIST_KEY_CFBundleDisplayName = "测试";
				INFOPLIST_KEY_UIApplicationSupportsIndirectInputEvents = YES;
				INFOPLIST_KEY_UILaunchStoryboardName = LaunchScreen;
				INFOPLIST_KEY_UIMainStoryboardFile = Main;
				INFOPLIST_KEY_UISupportedInterfaceOrientations_iPad = "UIInterfaceOrientationPortrait UIInterfaceOrientationPortraitUpsideDown UIInterfaceOrientationLandscapeLeft UIInterfaceOrientationLandscapeRight";
				INFOPLIST_KEY_UISupportedInterfaceOrientations_iPhone = "UIInterfaceOrientationPortrait UIInterfaceOrientationLandscapeLeft UIInterfaceOrientationLandscapeRight";
				LD_RUNPATH_SEARCH_PATHS = (
					"$(inherited)",
					"@executable_path/Frameworks",
				);
				MARKETING_VERSION = 1.0;
				PRODUCT_BUNDLE_IDENTIFIER = com.licaimofang.www.helloworld;
				PRODUCT_NAME = helloworld;
				PROVISIONING_PROFILE_SPECIFIER = "";
				SWIFT_EMIT_LOC_STRINGS = YES;
				TARGETED_DEVICE_FAMILY = "1,2";
			};
			name = Release;
		};
/* End XCBuildConfiguration section */

/* Begin XCConfigurationList section */
		59BA0C372D90279700872A01 /* Build configuration list for PBXProject "helloworld" */ = {
			isa = XCConfigurationList;
			buildConfigurations = (
				59BA0C532D90279900872A01 /* Debug */,
				59BA0C542D90279900872A01 /* Release */,
			);
			defaultConfigurationIsVisible = 0;
			defaultConfigurationName = Release;
		};
		59BA0C552D90279900872A01 /* Build configuration list for PBXNativeTarget "helloworld" */ = {
			isa = XCConfigurationList;
			buildConfigurations = (
				59BA0C562D90279900872A01 /* Debug */,
				59BA0C572D90279900872A01 /* Release */,
			);
			defaultConfigurationIsVisible = 0;
			defaultConfigurationName = Release;
		};
/* End XCConfigurationList section */
	};
	rootObject = 59BA0C342D90279700872A01 /* Project object */;
}
